// !$*UTF8*$!
{
	archiveVersion = 1;
	classes = {
	};
	objectVersion = 46;
	objects = {

/* Begin PBXBuildFile section */
		ED2667C81C48345200ECA94A /* main.m in Sources */ = {isa = PBXBuildFile; fileRef = ED2667C71C48345200ECA94A /* main.m */; };
		ED2667D01C48345F00ECA94A /* Lawyer.m in Sources */ = {isa = PBXBuildFile; fileRef = ED2667CF1C48345F00ECA94A /* Lawyer.m */; };
		ED2667D31C4834BF00ECA94A /* Practice.m in Sources */ = {isa = PBXBuildFile; fileRef = ED2667D21C4834BF00ECA94A /* Practice.m */; };
		ED2667D61C483FDA00ECA94A /* Client.m in Sources */ = {isa = PBXBuildFile; fileRef = ED2667D51C483FDA00ECA94A /* Client.m */; };
		ED2667D91C48406B00ECA94A /* Associate.m in Sources */ = {isa = PBXBuildFile; fileRef = ED2667D81C48406B00ECA94A /* Associate.m */; };
/* End PBXBuildFile section */

/* Begin PBXCopyFilesBuildPhase section */
		ED2667C21C48345200ECA94A /* CopyFiles */ = {
			isa = PBXCopyFilesBuildPhase;
			buildActionMask = 2147483647;
			dstPath = /usr/share/man/man1/;
			dstSubfolderSpec = 0;
			files = (
			);
			runOnlyForDeploymentPostprocessing = 1;
		};
/* End PBXCopyFilesBuildPhase section */

/* Begin PBXFileReference section */
		ED2667C41C48345200ECA94A /* LawyerUp */ = {isa = PBXFileReference; explicitFileType = "compiled.mach-o.executable"; includeInIndex = 0; path = LawyerUp; sourceTree = BUILT_PRODUCTS_DIR; };
		ED2667C71C48345200ECA94A /* main.m */ = {isa = PBXFileReference; lastKnownFileType = sourcecode.c.objc; path = main.m; sourceTree = "<group>"; };
		ED2667CE1C48345F00ECA94A /* Lawyer.h */ = {isa = PBXFileReference; fileEncoding = 4; lastKnownFileType = sourcecode.c.h; path = Lawyer.h; sourceTree = "<group>"; };
		ED2667CF1C48345F00ECA94A /* Lawyer.m */ = {isa = PBXFileReference; fileEncoding = 4; lastKnownFileType = sourcecode.c.objc; path = Lawyer.m; sourceTree = "<group>"; };
		ED2667D11C4834BF00ECA94A /* Practice.h */ = {isa = PBXFileReference; fileEncoding = 4; lastKnownFileType = sourcecode.c.h; path = Practice.h; sourceTree = "<group>"; };
		ED2667D21C4834BF00ECA94A /* Practice.m */ = {isa = PBXFileReference; fileEncoding = 4; lastKnownFileType = sourcecode.c.objc; path = Practice.m; sourceTree = "<group>"; };
		ED2667D41C483FDA00ECA94A /* Client.h */ = {isa = PBXFileReference; fileEncoding = 4; lastKnownFileType = sourcecode.c.h; path = Client.h; sourceTree = "<group>"; };
		ED2667D51C483FDA00ECA94A /* Client.m */ = {isa = PBXFileReference; fileEncoding = 4; lastKnownFileType = sourcecode.c.objc; path = Client.m; sourceTree = "<group>"; };
		ED2667D71C48406B00ECA94A /* Associate.h */ = {isa = PBXFileReference; fileEncoding = 4; lastKnownFileType = sourcecode.c.h; path = Associate.h; sourceTree = "<group>"; };
		ED2667D81C48406B00ECA94A /* Associate.m */ = {isa = PBXFileReference; fileEncoding = 4; lastKnownFileType = sourcecode.c.objc; path = Associate.m; sourceTree = "<group>"; };
/* End PBXFileReference section */

/* Begin PBXFrameworksBuildPhase section */
		ED2667C11C48345200ECA94A /* Frameworks */ = {
			isa = PBXFrameworksBuildPhase;
			buildActionMask = 2147483647;
			files = (
			);
			runOnlyForDeploymentPostprocessing = 0;
		};
/* End PBXFrameworksBuildPhase section */

/* Begin PBXGroup section */
		ED2667BB1C48345200ECA94A = {
			isa = PBXGroup;
			children = (
				ED2667C61C48345200ECA94A /* LawyerUp */,
				ED2667C51C48345200ECA94A /* Products */,
			);
			sourceTree = "<group>";
		};
		ED2667C51C48345200ECA94A /* Products */ = {
			isa = PBXGroup;
			children = (
				ED2667C41C48345200ECA94A /* LawyerUp */,
			);
			name = Products;
			sourceTree = "<group>";
		};
		ED2667C61C48345200ECA94A /* LawyerUp */ = {
			isa = PBXGroup;
			children = (
				ED2667C71C48345200ECA94A /* main.m */,
				ED2667CE1C48345F00ECA94A /* Lawyer.h */,
				ED2667CF1C48345F00ECA94A /* Lawyer.m */,
				ED2667D11C4834BF00ECA94A /* Practice.h */,
				ED2667D21C4834BF00ECA94A /* Practice.m */,
				ED2667D41C483FDA00ECA94A /* Client.h */,
				ED2667D51C483FDA00ECA94A /* Client.m */,
				ED2667D71C48406B00ECA94A /* Associate.h */,
				ED2667D81C48406B00ECA94A /* Associate.m */,
			);
			path = LawyerUp;
			sourceTree = "<group>";
		};
/* End PBXGroup section */

/* Begin PBXNativeTarget section */
		ED2667C31C48345200ECA94A /* LawyerUp */ = {
			isa = PBXNativeTarget;
			buildConfigurationList = ED2667CB1C48345200ECA94A /* Build configuration list for PBXNativeTarget "LawyerUp" */;
			buildPhases = (
				ED2667C01C48345200ECA94A /* Sources */,
				ED2667C11C48345200ECA94A /* Frameworks */,
				ED2667C21C48345200ECA94A /* CopyFiles */,
			);
			buildRules = (
			);
			dependencies = (
			);
			name = LawyerUp;
			productName = LawyerUp;
			productReference = ED2667C41C48345200ECA94A /* LawyerUp */;
			productType = "com.apple.product-type.tool";
		};
/* End PBXNativeTarget section */

/* Begin PBXProject section */
		ED2667BC1C48345200ECA94A /* Project object */ = {
			isa = PBXProject;
			attributes = {
				LastUpgradeCheck = 0720;
				ORGANIZATIONNAME = "Carl Udren";
				TargetAttributes = {
					ED2667C31C48345200ECA94A = {
						CreatedOnToolsVersion = 7.2;
					};
				};
			};
			buildConfigurationList = ED2667BF1C48345200ECA94A /* Build configuration list for PBXProject "LawyerUp" */;
			compatibilityVersion = "Xcode 3.2";
			developmentRegion = English;
			hasScannedForEncodings = 0;
			knownRegions = (
				en,
			);
			mainGroup = ED2667BB1C48345200ECA94A;
			productRefGroup = ED2667C51C48345200ECA94A /* Products */;
			projectDirPath = "";
			projectRoot = "";
			targets = (
				ED2667C31C48345200ECA94A /* LawyerUp */,
			);
		};
/* End PBXProject section */

/* Begin PBXSourcesBuildPhase section */
		ED2667C01C48345200ECA94A /* Sources */ = {
			isa = PBXSourcesBuildPhase;
			buildActionMask = 2147483647;
			files = (
				ED2667D31C4834BF00ECA94A /* Practice.m in Sources */,
				ED2667C81C48345200ECA94A /* main.m in Sources */,
				ED2667D61C483FDA00ECA94A /* Client.m in Sources */,
				ED2667D91C48406B00ECA94A /* Associate.m in Sources */,
				ED2667D01C48345F00ECA94A /* Lawyer.m in Sources */,
			);
			runOnlyForDeploymentPostprocessing = 0;
		};
/* End PBXSourcesBuildPhase section */

/* Begin XCBuildConfiguration section */
		ED2667C91C48345200ECA94A /* Debug */ = {
			isa = XCBuildConfiguration;
			buildSettings = {
				ALWAYS_SEARCH_USER_PATHS = NO;
				CLANG_CXX_LANGUAGE_STANDARD = "gnu++0x";
				CLANG_CXX_LIBRARY = "libc++";
				CLANG_ENABLE_MODULES = YES;
				CLANG_ENABLE_OBJC_ARC = YES;
				CLANG_WARN_BOOL_CONVERSION = YES;
				CLANG_WARN_CONSTANT_CONVERSION = YES;
				CLANG_WARN_DIRECT_OBJC_ISA_USAGE = YES_ERROR;
				CLANG_WARN_EMPTY_BODY = YES;
				CLANG_WARN_ENUM_CONVERSION = YES;
				CLANG_WARN_INT_CONVERSION = YES;
				CLANG_WARN_OBJC_ROOT_CLASS = YES_ERROR;
				CLANG_WARN_UNREACHABLE_CODE = YES;
				CLANG_WARN__DUPLICATE_METHOD_MATCH = YES;
				CODE_SIGN_IDENTITY = "-";
				COPY_PHASE_STRIP = NO;
				DEBUG_INFORMATION_FORMAT = dwarf;
				ENABLE_STRICT_OBJC_MSGSEND = YES;
				ENABLE_TESTABILITY = YES;
				GCC_C_LANGUAGE_STANDARD = gnu99;
				GCC_DYNAMIC_NO_PIC = NO;
				GCC_NO_COMMON_BLOCKS = YES;
				GCC_OPTIMIZATION_LEVEL = 0;
				GCC_PREPROCESSOR_DEFINITIONS = (
					"DEBUG=1",
					"$(inherited)",
				);
				GCC_WARN_64_TO_32_BIT_CONVERSION = YES;
				GCC_WARN_ABOUT_RETURN_TYPE = YES_ERROR;
				GCC_WARN_UNDECLARED_SELECTOR = YES;
				GCC_WARN_UNINITIALIZED_AUTOS = YES_AGGRESSIVE;
				GCC_WARN_UNUSED_FUNCTION = YES;
				GCC_WARN_UNUSED_VARIABLE = YES;
				MACOSX_DEPLOYMENT_TARGET = 10.11;
				MTL_ENABLE_DEBUG_INFO = YES;
				ONLY_ACTIVE_ARCH = YES;
				SDKROOT = macosx;
			};
			name = Debug;
		};
		ED2667CA1C48345200ECA94A /* Release */ = {
			isa = XCBuildConfiguration;
			buildSettings = {
				ALWAYS_SEARCH_USER_PATHS = NO;
				CLANG_CXX_LANGUAGE_STANDARD = "gnu++0x";
				CLANG_CXX_LIBRARY = "libc++";
				CLANG_ENABLE_MODULES = YES;
				CLANG_ENABLE_OBJC_ARC = YES;
				CLANG_WARN_BOOL_CONVERSION = YES;
				CLANG_WARN_CONSTANT_CONVERSION = YES;
				CLANG_WARN_DIRECT_OBJC_ISA_USAGE = YES_ERROR;
				CLANG_WARN_EMPTY_BODY = YES;
				CLANG_WARN_ENUM_CONVERSION = YES;
				CLANG_WARN_INT_CONVERSION = YES;
				CLANG_WARN_OBJC_ROOT_CLASS = YES_ERROR;
				CLANG_WARN_UNREACHABLE_CODE = YES;
				CLANG_WARN__DUPLICATE_METHOD_MATCH = YES;
				CODE_SIGN_IDENTITY = "-";
				COPY_PHASE_STRIP = NO;
				DEBUG_INFORMATION_FORMAT = "dwarf-with-dsym";
				ENABLE_NS_ASSERTIONS = NO;
				ENABLE_STRICT_OBJC_MSGSEND = YES;
				GCC_C_LANGUAGE_STANDARD = gnu99;
				GCC_NO_COMMON_BLOCKS = YES;
				GCC_WARN_64_TO_32_BIT_CONVERSION = YES;
				GCC_WARN_ABOUT_RETURN_TYPE = YES_ERROR;
				GCC_WARN_UNDECLARED_SELECTOR = YES;
				GCC_WARN_UNINITIALIZED_AUTOS = YES_AGGRESSIVE;
				GCC_WARN_UNUSED_FUNCTION = YES;
				GCC_WARN_UNUSED_VARIABLE = YES;
				MACOSX_DEPLOYMENT_TARGET = 10.11;
				MTL_ENABLE_DEBUG_INFO = NO;
				SDKROOT = macosx;
			};
			name = Release;
		};
		ED2667CC1C48345200ECA94A /* Debug */ = {
			isa = XCBuildConfiguration;
			buildSettings = {
				PRODUCT_NAME = "$(TARGET_NAME)";
			};
			name = Debug;
		};
		ED2667CD1C48345200ECA94A /* Release */ = {
			isa = XCBuildConfiguration;
			buildSettings = {
				PRODUCT_NAME = "$(TARGET_NAME)";
			};
			name = Release;
		};
/* End XCBuildConfiguration section */

/* Begin XCConfigurationList section */
		ED2667BF1C48345200ECA94A /* Build configuration list for PBXProject "LawyerUp" */ = {
			isa = XCConfigurationList;
			buildConfigurations = (
				ED2667C91C48345200ECA94A /* Debug */,
				ED2667CA1C48345200ECA94A /* Release */,
			);
			defaultConfigurationIsVisible = 0;
			defaultConfigurationName = Release;
		};
		ED2667CB1C48345200ECA94A /* Build configuration list for PBXNativeTarget "LawyerUp" */ = {
			isa = XCConfigurationList;
			buildConfigurations = (
				ED2667CC1C48345200ECA94A /* Debug */,
				ED2667CD1C48345200ECA94A /* Release */,
			);
			defaultConfigurationIsVisible = 0;
		};
/* End XCConfigurationList section */
	};
	rootObject = ED2667BC1C48345200ECA94A /* Project object */;
}
